
Microsoft Visual Studio Solution File, Format Version 12.00
# Visual Studio Version 16
VisualStudioVersion = 16.0.30611.23
MinimumVisualStudioVersion = 10.0.40219.1
Project("{FAE04EC0-301F-11D3-BF4B-00C04F79EFBC}") = "UsingGeneric", "UsingGeneric.csproj", "{1D9C4066-167E-4848-8ABB-1653FDDC303C}"
EndProject
Global
	GlobalSection(SolutionConfigurationPlatforms) = preSolution
		Debug|Any CPU = Debug|Any CPU
		Release|Any CPU = Release|Any CPU
	EndGlobalSection
	GlobalSection(ProjectConfigurationPlatforms) = postSolution
		{1D9C4066-167E-4848-8ABB-1653FDDC303C}.Debug|Any CPU.ActiveCfg = Debug|Any CPU
		{1D9C4066-167E-4848-8ABB-1653FDDC303C}.Debug|Any CPU.Build.0 = Debug|Any CPU
		{1D9C4066-167E-4848-8ABB-1653FDDC303C}.Release|Any CPU.ActiveCfg = Release|Any CPU
		{1D9C4066-167E-4848-8ABB-1653FDDC303C}.Release|Any CPU.Build.0 = Release|Any CPU
	EndGlobalSection
	GlobalSection(SolutionProperties) = preSolution
		HideSolutionNode = FALSE
	EndGlobalSection
	GlobalSection(ExtensibilityGlobals) = postSolution
		SolutionGuid = {C24C4C2E-F16F-4D11-82F8-4D50B5730109}
	EndGlobalSection
EndGlobal
